
Microsoft Visual Studio Solution File, Format Version 12.00
# Visual Studio Version 16
VisualStudioVersion = 16.0.33927.289
MinimumVisualStudioVersion = 10.0.40219.1
Project("{2150E333-8FDC-42A3-9474-1A3956D46DE8}") = "Task0", "Task0", "{04622909-1ED5-4068-8CB1-5DF83A8DD6DF}"
EndProject
Project("{8BC9CEB8-8B4A-11D0-8D11-00A0C91BC942}") = "Tyuiu.IvanchikovD.Sprint0.Task0.V0", "Tyuiu.IvanchikovD.Sprint0.Task0.V0\Tyuiu.IvanchikovD.Sprint0.Task0.V0.vcxproj", "{2994FC29-9D54-4B51-A462-BF76F3BB6972}"
EndProject
Project("{2150E333-8FDC-42A3-9474-1A3956D46DE8}") = "Task1", "Task1", "{76F11BB5-44C0-4C7F-A833-31BA9888217C}"
EndProject
Project("{8BC9CEB8-8B4A-11D0-8D11-00A0C91BC942}") = "Tyuiu.IvanchikovD.Sprint0.Task1.V0", "Tyuiu.IvanchikovD.Sprint0.Task1.V0\Tyuiu.IvanchikovD.Sprint0.Task1.V0.vcxproj", "{06A74160-E34C-4C23-B83A-FC161689FED1}"
EndProject
Project("{8BC9CEB8-8B4A-11D0-8D11-00A0C91BC942}") = "Tyuiu.IvanchikovD.Sprint0.Task2.V0", "Tyuiu.IvanchikovD.Sprint0.Task2.V0\Tyuiu.IvanchikovD.Sprint0.Task2.V0.vcxproj", "{A1435B60-DE3F-4F2B-A7E4-8D7A8220203C}"
EndProject
Project("{8BC9CEB8-8B4A-11D0-8D11-00A0C91BC942}") = "Tyuiu.IvanchikovD.Sprint0.Task2.V0.Lib", "Tyuiu.IvanchikovD.Sprint0.Task2.V0.Lib\Tyuiu.IvanchikovD.Sprint0.Task2.V0.Lib.vcxproj", "{A8A87C2B-38A0-476D-8787-42B033DECCBA}"
EndProject
Project("{8BC9CEB8-8B4A-11D0-8D11-00A0C91BC942}") = "Tyuiu.IvanchikovD.Sprint0.Task2.V0.Test", "Tyuiu.IvanchikovD.Sprint0.Task2.V0.Test\Tyuiu.IvanchikovD.Sprint0.Task2.V0.Test.vcxproj", "{1B39CF93-836B-4CE7-AA61-85B5C279422F}"
EndProject
Project("{8BC9CEB8-8B4A-11D0-8D11-00A0C91BC942}") = "Tyuiu.IvanchikovD.Sprint0.Task4.V3.Test", "Tyuiu.IvanchikovD.Sprint0.Task4.V3.Test\Tyuiu.IvanchikovD.Sprint0.Task4.V3.Test.vcxproj", "{DF9CC3AF-B52E-4397-A081-482067A5EFC2}"
EndProject
Project("{8BC9CEB8-8B4A-11D0-8D11-00A0C91BC942}") = "Tyuiu.IvanchikovD.Sprint0.Task4.V3.Lib", "Tyuiu.IvanchikovD.Sprint0.Task4.V3.Lib\Tyuiu.IvanchikovD.Sprint0.Task4.V3.Lib.vcxproj", "{77D79BC8-EFE3-4D02-B832-60857972D268}"
EndProject
Project("{8BC9CEB8-8B4A-11D0-8D11-00A0C91BC942}") = "Tyuiu.IvanchikovD.Sprint0.Task4.V3", "Tyuiu.IvanchikovD.Sprint0.Task4.V3\Tyuiu.IvanchikovD.Sprint0.Task4.V3.vcxproj", "{25408E77-8370-49DB-805F-1BE13B62F394}"
EndProject
Global
	GlobalSection(SolutionConfigurationPlatforms) = preSolution
		Debug|x64 = Debug|x64
		Debug|x86 = Debug|x86
		Release|x64 = Release|x64
		Release|x86 = Release|x86
	EndGlobalSection
	GlobalSection(ProjectConfigurationPlatforms) = postSolution
		{2994FC29-9D54-4B51-A462-BF76F3BB6972}.Debug|x64.ActiveCfg = Debug|x64
		{2994FC29-9D54-4B51-A462-BF76F3BB6972}.Debug|x64.Build.0 = Debug|x64
		{2994FC29-9D54-4B51-A462-BF76F3BB6972}.Debug|x86.ActiveCfg = Debug|Win32
		{2994FC29-9D54-4B51-A462-BF76F3BB6972}.Debug|x86.Build.0 = Debug|Win32
		{2994FC29-9D54-4B51-A462-BF76F3BB6972}.Release|x64.ActiveCfg = Release|x64
		{2994FC29-9D54-4B51-A462-BF76F3BB6972}.Release|x64.Build.0 = Release|x64
		{2994FC29-9D54-4B51-A462-BF76F3BB6972}.Release|x86.ActiveCfg = Release|Win32
		{2994FC29-9D54-4B51-A462-BF76F3BB6972}.Release|x86.Build.0 = Release|Win32
		{06A74160-E34C-4C23-B83A-FC161689FED1}.Debug|x64.ActiveCfg = Debug|x64
		{06A74160-E34C-4C23-B83A-FC161689FED1}.Debug|x64.Build.0 = Debug|x64
		{06A74160-E34C-4C23-B83A-FC161689FED1}.Debug|x86.ActiveCfg = Debug|Win32
		{06A74160-E34C-4C23-B83A-FC161689FED1}.Debug|x86.Build.0 = Debug|Win32
		{06A74160-E34C-4C23-B83A-FC161689FED1}.Release|x64.ActiveCfg = Release|x64
		{06A74160-E34C-4C23-B83A-FC161689FED1}.Release|x64.Build.0 = Release|x64
		{06A74160-E34C-4C23-B83A-FC161689FED1}.Release|x86.ActiveCfg = Release|Win32
		{06A74160-E34C-4C23-B83A-FC161689FED1}.Release|x86.Build.0 = Release|Win32
		{A1435B60-DE3F-4F2B-A7E4-8D7A8220203C}.Debug|x64.ActiveCfg = Debug|x64
		{A1435B60-DE3F-4F2B-A7E4-8D7A8220203C}.Debug|x64.Build.0 = Debug|x64
		{A1435B60-DE3F-4F2B-A7E4-8D7A8220203C}.Debug|x86.ActiveCfg = Debug|Win32
		{A1435B60-DE3F-4F2B-A7E4-8D7A8220203C}.Debug|x86.Build.0 = Debug|Win32
		{A1435B60-DE3F-4F2B-A7E4-8D7A8220203C}.Release|x64.ActiveCfg = Release|x64
		{A1435B60-DE3F-4F2B-A7E4-8D7A8220203C}.Release|x64.Build.0 = Release|x64
		{A1435B60-DE3F-4F2B-A7E4-8D7A8220203C}.Release|x86.ActiveCfg = Release|Win32
		{A1435B60-DE3F-4F2B-A7E4-8D7A8220203C}.Release|x86.Build.0 = Release|Win32
		{A8A87C2B-38A0-476D-8787-42B033DECCBA}.Debug|x64.ActiveCfg = Debug|x64
		{A8A87C2B-38A0-476D-8787-42B033DECCBA}.Debug|x64.Build.0 = Debug|x64
		{A8A87C2B-38A0-476D-8787-42B033DECCBA}.Debug|x86.ActiveCfg = Debug|Win32
		{A8A87C2B-38A0-476D-8787-42B033DECCBA}.Debug|x86.Build.0 = Debug|Win32
		{A8A87C2B-38A0-476D-8787-42B033DECCBA}.Release|x64.ActiveCfg = Release|x64
		{A8A87C2B-38A0-476D-8787-42B033DECCBA}.Release|x64.Build.0 = Release|x64
		{A8A87C2B-38A0-476D-8787-42B033DECCBA}.Release|x86.ActiveCfg = Release|Win32
		{A8A87C2B-38A0-476D-8787-42B033DECCBA}.Release|x86.Build.0 = Release|Win32
		{1B39CF93-836B-4CE7-AA61-85B5C279422F}.Debug|x64.ActiveCfg = Debug|x64
		{1B39CF93-836B-4CE7-AA61-85B5C279422F}.Debug|x64.Build.0 = Debug|x64
		{1B39CF93-836B-4CE7-AA61-85B5C279422F}.Debug|x86.ActiveCfg = Debug|Win32
		{1B39CF93-836B-4CE7-AA61-85B5C279422F}.Debug|x86.Build.0 = Debug|Win32
		{1B39CF93-836B-4CE7-AA61-85B5C279422F}.Release|x64.ActiveCfg = Release|x64
		{1B39CF93-836B-4CE7-AA61-85B5C279422F}.Release|x64.Build.0 = Release|x64
		{1B39CF93-836B-4CE7-AA61-85B5C279422F}.Release|x86.ActiveCfg = Release|Win32
		{1B39CF93-836B-4CE7-AA61-85B5C279422F}.Release|x86.Build.0 = Release|Win32
		{DF9CC3AF-B52E-4397-A081-482067A5EFC2}.Debug|x64.ActiveCfg = Debug|x64
		{DF9CC3AF-B52E-4397-A081-482067A5EFC2}.Debug|x64.Build.0 = Debug|x64
		{DF9CC3AF-B52E-4397-A081-482067A5EFC2}.Debug|x86.ActiveCfg = Debug|Win32
		{DF9CC3AF-B52E-4397-A081-482067A5EFC2}.Debug|x86.Build.0 = Debug|Win32
		{DF9CC3AF-B52E-4397-A081-482067A5EFC2}.Release|x64.ActiveCfg = Release|x64
		{DF9CC3AF-B52E-4397-A081-482067A5EFC2}.Release|x64.Build.0 = Release|x64
		{DF9CC3AF-B52E-4397-A081-482067A5EFC2}.Release|x86.ActiveCfg = Release|Win32
		{DF9CC3AF-B52E-4397-A081-482067A5EFC2}.Release|x86.Build.0 = Release|Win32
		{77D79BC8-EFE3-4D02-B832-60857972D268}.Debug|x64.ActiveCfg = Debug|x64
		{77D79BC8-EFE3-4D02-B832-60857972D268}.Debug|x64.Build.0 = Debug|x64
		{77D79BC8-EFE3-4D02-B832-60857972D268}.Debug|x86.ActiveCfg = Debug|Win32
		{77D79BC8-EFE3-4D02-B832-60857972D268}.Debug|x86.Build.0 = Debug|Win32
		{77D79BC8-EFE3-4D02-B832-60857972D268}.Release|x64.ActiveCfg = Release|x64
		{77D79BC8-EFE3-4D02-B832-60857972D268}.Release|x64.Build.0 = Release|x64
		{77D79BC8-EFE3-4D02-B832-60857972D268}.Release|x86.ActiveCfg = Release|Win32
		{77D79BC8-EFE3-4D02-B832-60857972D268}.Release|x86.Build.0 = Release|Win32
		{25408E77-8370-49DB-805F-1BE13B62F394}.Debug|x64.ActiveCfg = Debug|x64
		{25408E77-8370-49DB-805F-1BE13B62F394}.Debug|x64.Build.0 = Debug|x64
		{25408E77-8370-49DB-805F-1BE13B62F394}.Debug|x86.ActiveCfg = Debug|Win32
		{25408E77-8370-49DB-805F-1BE13B62F394}.Debug|x86.Build.0 = Debug|Win32
		{25408E77-8370-49DB-805F-1BE13B62F394}.Release|x64.ActiveCfg = Release|x64
		{25408E77-8370-49DB-805F-1BE13B62F394}.Release|x64.Build.0 = Release|x64
		{25408E77-8370-49DB-805F-1BE13B62F394}.Release|x86.ActiveCfg = Release|Win32
		{25408E77-8370-49DB-805F-1BE13B62F394}.Release|x86.Build.0 = Release|Win32
	EndGlobalSection
	GlobalSection(SolutionProperties) = preSolution
		HideSolutionNode = FALSE
	EndGlobalSection
	GlobalSection(NestedProjects) = preSolution
		{2994FC29-9D54-4B51-A462-BF76F3BB6972} = {04622909-1ED5-4068-8CB1-5DF83A8DD6DF}
		{06A74160-E34C-4C23-B83A-FC161689FED1} = {76F11BB5-44C0-4C7F-A833-31BA9888217C}
	EndGlobalSection
	GlobalSection(ExtensibilityGlobals) = postSolution
		SolutionGuid = {0F162AFA-20FC-4A19-9A0C-BA523394A6C8}
	EndGlobalSection
EndGlobal
